
Microsoft Visual Studio Solution File, Format Version 11.00
# Visual Studio 2010
Project("{FAE04EC0-301F-11D3-BF4B-00C04F79EFBC}") = "Assembly-CSharp", "Assembly-CSharp.csproj", "{80000F9B-24D5-8729-0656-95893D1938E1}"
EndProject
Global
	GlobalSection(SolutionConfigurationPlatforms) = preSolution
		Debug|Any CPU = Debug|Any CPU
		Release|Any CPU = Release|Any CPU
	EndGlobalSection
	GlobalSection(ProjectConfigurationPlatforms) = postSolution
		{80000F9B-24D5-8729-0656-95893D1938E1}.Debug|Any CPU.ActiveCfg = Debug|Any CPU
		{80000F9B-24D5-8729-0656-95893D1938E1}.Debug|Any CPU.Build.0 = Debug|Any CPU
		{80000F9B-24D5-8729-0656-95893D1938E1}.Release|Any CPU.ActiveCfg = Release|Any CPU
		{80000F9B-24D5-8729-0656-95893D1938E1}.Release|Any CPU.Build.0 = Release|Any CPU
	EndGlobalSection
	GlobalSection(SolutionProperties) = preSolution
		HideSolutionNode = FALSE
	EndGlobalSection
EndGlobal
